
Microsoft Visual Studio Solution File, Format Version 12.00
# Visual Studio 15
VisualStudioVersion = 15.0.28307.1082
MinimumVisualStudioVersion = 10.0.40219.1
Project("{FAE04EC0-301F-11D3-BF4B-00C04F79EFBC}") = "kodluyoio1", "kodluyoio1\kodluyoio1.csproj", "{4997B4D6-A7D8-4832-857E-142A4F1796C8}"
EndProject
Project("{FAE04EC0-301F-11D3-BF4B-00C04F79EFBC}") = "kodluyoio2", "kodluyoio2\kodluyoio2.csproj", "{729027DF-6B8D-41DF-8A55-706F4BBFD7AB}"
EndProject
Project("{9A19103F-16F7-4668-BE54-9A1E7A4F7556}") = "Matematikio", "Matematikio\Matematikio.csproj", "{BB8F8A52-362B-48CE-A841-1B2474538E2F}"
EndProject
Project("{9A19103F-16F7-4668-BE54-9A1E7A4F7556}") = "DegerVeReferansTipler", "DegerVeReferansTipler\DegerVeReferansTipler.csproj", "{D37782F9-970D-4CDC-8BC5-1F5C93DA8DDF}"
EndProject
Project("{9A19103F-16F7-4668-BE54-9A1E7A4F7556}") = "2001OOP1", "2001OOP1\2001OOP1.csproj", "{26C6F5E1-0975-43C1-BB89-761304063AA1}"
EndProject
Project("{9A19103F-16F7-4668-BE54-9A1E7A4F7556}") = "Collections", "Collections\Collections.csproj", "{AC47635A-C01E-4BC5-B931-C2BD160A30B2}"
EndProject
Project("{9A19103F-16F7-4668-BE54-9A1E7A4F7556}") = "GenericsIntro", "GenericsIntro\GenericsIntro.csproj", "{809E63A3-E14B-42D0-ACAD-6EE33BECCB4C}"
EndProject
Project("{FAE04EC0-301F-11D3-BF4B-00C04F79EFBC}") = "2301OOP2", "2301OOP2\2301OOP2.csproj", "{67C66EC8-2CB1-4594-87E7-BAAD62E81690}"
EndProject
Project("{FAE04EC0-301F-11D3-BF4B-00C04F79EFBC}") = "2301OOP3", "2301OOP3\2301OOP3.csproj", "{ECC7AF51-8189-48EE-84CB-BFF39268F007}"
EndProject
Global
	GlobalSection(SolutionConfigurationPlatforms) = preSolution
		Debug|Any CPU = Debug|Any CPU
		Release|Any CPU = Release|Any CPU
	EndGlobalSection
	GlobalSection(ProjectConfigurationPlatforms) = postSolution
		{4997B4D6-A7D8-4832-857E-142A4F1796C8}.Debug|Any CPU.ActiveCfg = Debug|Any CPU
		{4997B4D6-A7D8-4832-857E-142A4F1796C8}.Debug|Any CPU.Build.0 = Debug|Any CPU
		{4997B4D6-A7D8-4832-857E-142A4F1796C8}.Release|Any CPU.ActiveCfg = Release|Any CPU
		{4997B4D6-A7D8-4832-857E-142A4F1796C8}.Release|Any CPU.Build.0 = Release|Any CPU
		{729027DF-6B8D-41DF-8A55-706F4BBFD7AB}.Debug|Any CPU.ActiveCfg = Debug|Any CPU
		{729027DF-6B8D-41DF-8A55-706F4BBFD7AB}.Debug|Any CPU.Build.0 = Debug|Any CPU
		{729027DF-6B8D-41DF-8A55-706F4BBFD7AB}.Release|Any CPU.ActiveCfg = Release|Any CPU
		{729027DF-6B8D-41DF-8A55-706F4BBFD7AB}.Release|Any CPU.Build.0 = Release|Any CPU
		{BB8F8A52-362B-48CE-A841-1B2474538E2F}.Debug|Any CPU.ActiveCfg = Debug|Any CPU
		{BB8F8A52-362B-48CE-A841-1B2474538E2F}.Debug|Any CPU.Build.0 = Debug|Any CPU
		{BB8F8A52-362B-48CE-A841-1B2474538E2F}.Release|Any CPU.ActiveCfg = Release|Any CPU
		{BB8F8A52-362B-48CE-A841-1B2474538E2F}.Release|Any CPU.Build.0 = Release|Any CPU
		{D37782F9-970D-4CDC-8BC5-1F5C93DA8DDF}.Debug|Any CPU.ActiveCfg = Debug|Any CPU
		{D37782F9-970D-4CDC-8BC5-1F5C93DA8DDF}.Debug|Any CPU.Build.0 = Debug|Any CPU
		{D37782F9-970D-4CDC-8BC5-1F5C93DA8DDF}.Release|Any CPU.ActiveCfg = Release|Any CPU
		{D37782F9-970D-4CDC-8BC5-1F5C93DA8DDF}.Release|Any CPU.Build.0 = Release|Any CPU
		{26C6F5E1-0975-43C1-BB89-761304063AA1}.Debug|Any CPU.ActiveCfg = Debug|Any CPU
		{26C6F5E1-0975-43C1-BB89-761304063AA1}.Debug|Any CPU.Build.0 = Debug|Any CPU
		{26C6F5E1-0975-43C1-BB89-761304063AA1}.Release|Any CPU.ActiveCfg = Release|Any CPU
		{26C6F5E1-0975-43C1-BB89-761304063AA1}.Release|Any CPU.Build.0 = Release|Any CPU
		{AC47635A-C01E-4BC5-B931-C2BD160A30B2}.Debug|Any CPU.ActiveCfg = Debug|Any CPU
		{AC47635A-C01E-4BC5-B931-C2BD160A30B2}.Debug|Any CPU.Build.0 = Debug|Any CPU
		{AC47635A-C01E-4BC5-B931-C2BD160A30B2}.Release|Any CPU.ActiveCfg = Release|Any CPU
		{AC47635A-C01E-4BC5-B931-C2BD160A30B2}.Release|Any CPU.Build.0 = Release|Any CPU
		{809E63A3-E14B-42D0-ACAD-6EE33BECCB4C}.Debug|Any CPU.ActiveCfg = Debug|Any CPU
		{809E63A3-E14B-42D0-ACAD-6EE33BECCB4C}.Debug|Any CPU.Build.0 = Debug|Any CPU
		{809E63A3-E14B-42D0-ACAD-6EE33BECCB4C}.Release|Any CPU.ActiveCfg = Release|Any CPU
		{809E63A3-E14B-42D0-ACAD-6EE33BECCB4C}.Release|Any CPU.Build.0 = Release|Any CPU
		{67C66EC8-2CB1-4594-87E7-BAAD62E81690}.Debug|Any CPU.ActiveCfg = Debug|Any CPU
		{67C66EC8-2CB1-4594-87E7-BAAD62E81690}.Debug|Any CPU.Build.0 = Debug|Any CPU
		{67C66EC8-2CB1-4594-87E7-BAAD62E81690}.Release|Any CPU.ActiveCfg = Release|Any CPU
		{67C66EC8-2CB1-4594-87E7-BAAD62E81690}.Release|Any CPU.Build.0 = Release|Any CPU
		{ECC7AF51-8189-48EE-84CB-BFF39268F007}.Debug|Any CPU.ActiveCfg = Debug|Any CPU
		{ECC7AF51-8189-48EE-84CB-BFF39268F007}.Debug|Any CPU.Build.0 = Debug|Any CPU
		{ECC7AF51-8189-48EE-84CB-BFF39268F007}.Release|Any CPU.ActiveCfg = Release|Any CPU
		{ECC7AF51-8189-48EE-84CB-BFF39268F007}.Release|Any CPU.Build.0 = Release|Any CPU
	EndGlobalSection
	GlobalSection(SolutionProperties) = preSolution
		HideSolutionNode = FALSE
	EndGlobalSection
	GlobalSection(ExtensibilityGlobals) = postSolution
		SolutionGuid = {B6DC8280-F0C6-46BD-8B5E-054ABF5B8281}
	EndGlobalSection
EndGlobal
