
Microsoft Visual Studio Solution File, Format Version 12.00
# Visual Studio 15
VisualStudioVersion = 15.0.28307.1082
MinimumVisualStudioVersion = 10.0.40219.1
Project("{FAE04EC0-301F-11D3-BF4B-00C04F79EFBC}") = "kodluyoio1", "kodluyoio1\kodluyoio1.csproj", "{4997B4D6-A7D8-4832-857E-142A4F1796C8}"
EndProject
Project("{FAE04EC0-301F-11D3-BF4B-00C04F79EFBC}") = "kodluyoio2", "kodluyoio2\kodluyoio2.csproj", "{729027DF-6B8D-41DF-8A55-706F4BBFD7AB}"
EndProject
Project("{FAE04EC0-301F-11D3-BF4B-00C04F79EFBC}") = "Matematikio", "Matematikio\Matematikio.csproj", "{BB8F8A52-362B-48CE-A841-1B2474538E2F}"
EndProject
Project("{FAE04EC0-301F-11D3-BF4B-00C04F79EFBC}") = "DegerVeReferansTipler", "DegerVeReferansTipler\DegerVeReferansTipler.csproj", "{D37782F9-970D-4CDC-8BC5-1F5C93DA8DDF}"
EndProject
Global
	GlobalSection(SolutionConfigurationPlatforms) = preSolution
		Debug|Any CPU = Debug|Any CPU
		Release|Any CPU = Release|Any CPU
	EndGlobalSection
	GlobalSection(ProjectConfigurationPlatforms) = postSolution
		{4997B4D6-A7D8-4832-857E-142A4F1796C8}.Debug|Any CPU.ActiveCfg = Debug|Any CPU
		{4997B4D6-A7D8-4832-857E-142A4F1796C8}.Debug|Any CPU.Build.0 = Debug|Any CPU
		{4997B4D6-A7D8-4832-857E-142A4F1796C8}.Release|Any CPU.ActiveCfg = Release|Any CPU
		{4997B4D6-A7D8-4832-857E-142A4F1796C8}.Release|Any CPU.Build.0 = Release|Any CPU
		{729027DF-6B8D-41DF-8A55-706F4BBFD7AB}.Debug|Any CPU.ActiveCfg = Debug|Any CPU
		{729027DF-6B8D-41DF-8A55-706F4BBFD7AB}.Debug|Any CPU.Build.0 = Debug|Any CPU
		{729027DF-6B8D-41DF-8A55-706F4BBFD7AB}.Release|Any CPU.ActiveCfg = Release|Any CPU
		{729027DF-6B8D-41DF-8A55-706F4BBFD7AB}.Release|Any CPU.Build.0 = Release|Any CPU
		{BB8F8A52-362B-48CE-A841-1B2474538E2F}.Debug|Any CPU.ActiveCfg = Debug|Any CPU
		{BB8F8A52-362B-48CE-A841-1B2474538E2F}.Debug|Any CPU.Build.0 = Debug|Any CPU
		{BB8F8A52-362B-48CE-A841-1B2474538E2F}.Release|Any CPU.ActiveCfg = Release|Any CPU
		{BB8F8A52-362B-48CE-A841-1B2474538E2F}.Release|Any CPU.Build.0 = Release|Any CPU
		{D37782F9-970D-4CDC-8BC5-1F5C93DA8DDF}.Debug|Any CPU.ActiveCfg = Debug|Any CPU
		{D37782F9-970D-4CDC-8BC5-1F5C93DA8DDF}.Debug|Any CPU.Build.0 = Debug|Any CPU
		{D37782F9-970D-4CDC-8BC5-1F5C93DA8DDF}.Release|Any CPU.ActiveCfg = Release|Any CPU
		{D37782F9-970D-4CDC-8BC5-1F5C93DA8DDF}.Release|Any CPU.Build.0 = Release|Any CPU
	EndGlobalSection
	GlobalSection(SolutionProperties) = preSolution
		HideSolutionNode = FALSE
	EndGlobalSection
	GlobalSection(ExtensibilityGlobals) = postSolution
		SolutionGuid = {B6DC8280-F0C6-46BD-8B5E-054ABF5B8281}
	EndGlobalSection
EndGlobal
